
Microsoft Visual Studio Solution File, Format Version 12.00
# Visual Studio Version 16
VisualStudioVersion = 16.0.31613.86
MinimumVisualStudioVersion = 10.0.40219.1
Project("{FAE04EC0-301F-11D3-BF4B-00C04F79EFBC}") = "MyDemoApplication", "MyDemoApplication.csproj", "{7122FA63-0450-4F53-9A1C-A9FA7B2EDDAA}"
EndProject
Global
	GlobalSection(SolutionConfigurationPlatforms) = preSolution
		Debug|Any CPU = Debug|Any CPU
		Release|Any CPU = Release|Any CPU
	EndGlobalSection
	GlobalSection(ProjectConfigurationPlatforms) = postSolution
		{7122FA63-0450-4F53-9A1C-A9FA7B2EDDAA}.Debug|Any CPU.ActiveCfg = Debug|Any CPU
		{7122FA63-0450-4F53-9A1C-A9FA7B2EDDAA}.Debug|Any CPU.Build.0 = Debug|Any CPU
		{7122FA63-0450-4F53-9A1C-A9FA7B2EDDAA}.Release|Any CPU.ActiveCfg = Release|Any CPU
		{7122FA63-0450-4F53-9A1C-A9FA7B2EDDAA}.Release|Any CPU.Build.0 = Release|Any CPU
	EndGlobalSection
	GlobalSection(SolutionProperties) = preSolution
		HideSolutionNode = FALSE
	EndGlobalSection
	GlobalSection(ExtensibilityGlobals) = postSolution
		SolutionGuid = {CD4BCCBA-8511-473C-8EF6-744D6AF0C2A8}
	EndGlobalSection
EndGlobal
